
Microsoft Visual Studio Solution File, Format Version 12.00
# Visual Studio Version 17
VisualStudioVersion = 17.6.33829.357
MinimumVisualStudioVersion = 15.0.26124.0
Project("{9A19103F-16F7-4668-BE54-9A1E7A4F7556}") = "EvtGridCmds", "EvtGridCmds\EvtGridCmds.csproj", "{2461BFA2-6E75-410B-AA21-A993A2DB9055}"
EndProject
Project("{9A19103F-16F7-4668-BE54-9A1E7A4F7556}") = "EvtHubClient", "EvtHubClient\EvtHubClient.csproj", "{AA478FF7-0438-4B04-85B1-86C2FE19370E}"
EndProject
Project("{9A19103F-16F7-4668-BE54-9A1E7A4F7556}") = "EvtHubConsumer", "EvtHubConsumer\EvtHubConsumer.csproj", "{BDF3C50F-B209-47F3-9595-50C3E0AEACDC}"
EndProject
Project("{9A19103F-16F7-4668-BE54-9A1E7A4F7556}") = "EvtGridWebHook", "EvtGridWebHook\EvtGridWebHook.csproj", "{B43BABA3-C674-4E48-8B1E-D6B70C722AEB}"
EndProject
Global
	GlobalSection(SolutionConfigurationPlatforms) = preSolution
		Debug|Any CPU = Debug|Any CPU
		Debug|ARM = Debug|ARM
		Debug|ARM64 = Debug|ARM64
		Debug|x64 = Debug|x64
		Debug|x86 = Debug|x86
		Release|Any CPU = Release|Any CPU
		Release|ARM = Release|ARM
		Release|ARM64 = Release|ARM64
		Release|x64 = Release|x64
		Release|x86 = Release|x86
	EndGlobalSection
	GlobalSection(ProjectConfigurationPlatforms) = postSolution
		{2461BFA2-6E75-410B-AA21-A993A2DB9055}.Debug|Any CPU.ActiveCfg = Debug|Any CPU
		{2461BFA2-6E75-410B-AA21-A993A2DB9055}.Debug|Any CPU.Build.0 = Debug|Any CPU
		{2461BFA2-6E75-410B-AA21-A993A2DB9055}.Debug|ARM.ActiveCfg = Debug|Any CPU
		{2461BFA2-6E75-410B-AA21-A993A2DB9055}.Debug|ARM.Build.0 = Debug|Any CPU
		{2461BFA2-6E75-410B-AA21-A993A2DB9055}.Debug|ARM64.ActiveCfg = Debug|Any CPU
		{2461BFA2-6E75-410B-AA21-A993A2DB9055}.Debug|ARM64.Build.0 = Debug|Any CPU
		{2461BFA2-6E75-410B-AA21-A993A2DB9055}.Debug|x64.ActiveCfg = Debug|Any CPU
		{2461BFA2-6E75-410B-AA21-A993A2DB9055}.Debug|x64.Build.0 = Debug|Any CPU
		{2461BFA2-6E75-410B-AA21-A993A2DB9055}.Debug|x86.ActiveCfg = Debug|Any CPU
		{2461BFA2-6E75-410B-AA21-A993A2DB9055}.Debug|x86.Build.0 = Debug|Any CPU
		{2461BFA2-6E75-410B-AA21-A993A2DB9055}.Release|Any CPU.ActiveCfg = Release|Any CPU
		{2461BFA2-6E75-410B-AA21-A993A2DB9055}.Release|Any CPU.Build.0 = Release|Any CPU
		{2461BFA2-6E75-410B-AA21-A993A2DB9055}.Release|ARM.ActiveCfg = Release|Any CPU
		{2461BFA2-6E75-410B-AA21-A993A2DB9055}.Release|ARM.Build.0 = Release|Any CPU
		{2461BFA2-6E75-410B-AA21-A993A2DB9055}.Release|ARM64.ActiveCfg = Release|Any CPU
		{2461BFA2-6E75-410B-AA21-A993A2DB9055}.Release|ARM64.Build.0 = Release|Any CPU
		{2461BFA2-6E75-410B-AA21-A993A2DB9055}.Release|x64.ActiveCfg = Release|Any CPU
		{2461BFA2-6E75-410B-AA21-A993A2DB9055}.Release|x64.Build.0 = Release|Any CPU
		{2461BFA2-6E75-410B-AA21-A993A2DB9055}.Release|x86.ActiveCfg = Release|Any CPU
		{2461BFA2-6E75-410B-AA21-A993A2DB9055}.Release|x86.Build.0 = Release|Any CPU
		{AA478FF7-0438-4B04-85B1-86C2FE19370E}.Debug|Any CPU.ActiveCfg = Debug|Any CPU
		{AA478FF7-0438-4B04-85B1-86C2FE19370E}.Debug|Any CPU.Build.0 = Debug|Any CPU
		{AA478FF7-0438-4B04-85B1-86C2FE19370E}.Debug|ARM.ActiveCfg = Debug|Any CPU
		{AA478FF7-0438-4B04-85B1-86C2FE19370E}.Debug|ARM.Build.0 = Debug|Any CPU
		{AA478FF7-0438-4B04-85B1-86C2FE19370E}.Debug|ARM64.ActiveCfg = Debug|Any CPU
		{AA478FF7-0438-4B04-85B1-86C2FE19370E}.Debug|ARM64.Build.0 = Debug|Any CPU
		{AA478FF7-0438-4B04-85B1-86C2FE19370E}.Debug|x64.ActiveCfg = Debug|Any CPU
		{AA478FF7-0438-4B04-85B1-86C2FE19370E}.Debug|x64.Build.0 = Debug|Any CPU
		{AA478FF7-0438-4B04-85B1-86C2FE19370E}.Debug|x86.ActiveCfg = Debug|Any CPU
		{AA478FF7-0438-4B04-85B1-86C2FE19370E}.Debug|x86.Build.0 = Debug|Any CPU
		{AA478FF7-0438-4B04-85B1-86C2FE19370E}.Release|Any CPU.ActiveCfg = Release|Any CPU
		{AA478FF7-0438-4B04-85B1-86C2FE19370E}.Release|Any CPU.Build.0 = Release|Any CPU
		{AA478FF7-0438-4B04-85B1-86C2FE19370E}.Release|ARM.ActiveCfg = Release|Any CPU
		{AA478FF7-0438-4B04-85B1-86C2FE19370E}.Release|ARM.Build.0 = Release|Any CPU
		{AA478FF7-0438-4B04-85B1-86C2FE19370E}.Release|ARM64.ActiveCfg = Release|Any CPU
		{AA478FF7-0438-4B04-85B1-86C2FE19370E}.Release|ARM64.Build.0 = Release|Any CPU
		{AA478FF7-0438-4B04-85B1-86C2FE19370E}.Release|x64.ActiveCfg = Release|Any CPU
		{AA478FF7-0438-4B04-85B1-86C2FE19370E}.Release|x64.Build.0 = Release|Any CPU
		{AA478FF7-0438-4B04-85B1-86C2FE19370E}.Release|x86.ActiveCfg = Release|Any CPU
		{AA478FF7-0438-4B04-85B1-86C2FE19370E}.Release|x86.Build.0 = Release|Any CPU
		{BDF3C50F-B209-47F3-9595-50C3E0AEACDC}.Debug|Any CPU.ActiveCfg = Debug|Any CPU
		{BDF3C50F-B209-47F3-9595-50C3E0AEACDC}.Debug|Any CPU.Build.0 = Debug|Any CPU
		{BDF3C50F-B209-47F3-9595-50C3E0AEACDC}.Debug|ARM.ActiveCfg = Debug|Any CPU
		{BDF3C50F-B209-47F3-9595-50C3E0AEACDC}.Debug|ARM.Build.0 = Debug|Any CPU
		{BDF3C50F-B209-47F3-9595-50C3E0AEACDC}.Debug|ARM64.ActiveCfg = Debug|Any CPU
		{BDF3C50F-B209-47F3-9595-50C3E0AEACDC}.Debug|ARM64.Build.0 = Debug|Any CPU
		{BDF3C50F-B209-47F3-9595-50C3E0AEACDC}.Debug|x64.ActiveCfg = Debug|Any CPU
		{BDF3C50F-B209-47F3-9595-50C3E0AEACDC}.Debug|x64.Build.0 = Debug|Any CPU
		{BDF3C50F-B209-47F3-9595-50C3E0AEACDC}.Debug|x86.ActiveCfg = Debug|Any CPU
		{BDF3C50F-B209-47F3-9595-50C3E0AEACDC}.Debug|x86.Build.0 = Debug|Any CPU
		{BDF3C50F-B209-47F3-9595-50C3E0AEACDC}.Release|Any CPU.ActiveCfg = Release|Any CPU
		{BDF3C50F-B209-47F3-9595-50C3E0AEACDC}.Release|Any CPU.Build.0 = Release|Any CPU
		{BDF3C50F-B209-47F3-9595-50C3E0AEACDC}.Release|ARM.ActiveCfg = Release|Any CPU
		{BDF3C50F-B209-47F3-9595-50C3E0AEACDC}.Release|ARM.Build.0 = Release|Any CPU
		{BDF3C50F-B209-47F3-9595-50C3E0AEACDC}.Release|ARM64.ActiveCfg = Release|Any CPU
		{BDF3C50F-B209-47F3-9595-50C3E0AEACDC}.Release|ARM64.Build.0 = Release|Any CPU
		{BDF3C50F-B209-47F3-9595-50C3E0AEACDC}.Release|x64.ActiveCfg = Release|Any CPU
		{BDF3C50F-B209-47F3-9595-50C3E0AEACDC}.Release|x64.Build.0 = Release|Any CPU
		{BDF3C50F-B209-47F3-9595-50C3E0AEACDC}.Release|x86.ActiveCfg = Release|Any CPU
		{BDF3C50F-B209-47F3-9595-50C3E0AEACDC}.Release|x86.Build.0 = Release|Any CPU
		{B43BABA3-C674-4E48-8B1E-D6B70C722AEB}.Debug|Any CPU.ActiveCfg = Debug|Any CPU
		{B43BABA3-C674-4E48-8B1E-D6B70C722AEB}.Debug|Any CPU.Build.0 = Debug|Any CPU
		{B43BABA3-C674-4E48-8B1E-D6B70C722AEB}.Debug|ARM.ActiveCfg = Debug|Any CPU
		{B43BABA3-C674-4E48-8B1E-D6B70C722AEB}.Debug|ARM.Build.0 = Debug|Any CPU
		{B43BABA3-C674-4E48-8B1E-D6B70C722AEB}.Debug|ARM64.ActiveCfg = Debug|Any CPU
		{B43BABA3-C674-4E48-8B1E-D6B70C722AEB}.Debug|ARM64.Build.0 = Debug|Any CPU
		{B43BABA3-C674-4E48-8B1E-D6B70C722AEB}.Debug|x64.ActiveCfg = Debug|Any CPU
		{B43BABA3-C674-4E48-8B1E-D6B70C722AEB}.Debug|x64.Build.0 = Debug|Any CPU
		{B43BABA3-C674-4E48-8B1E-D6B70C722AEB}.Debug|x86.ActiveCfg = Debug|Any CPU
		{B43BABA3-C674-4E48-8B1E-D6B70C722AEB}.Debug|x86.Build.0 = Debug|Any CPU
		{B43BABA3-C674-4E48-8B1E-D6B70C722AEB}.Release|Any CPU.ActiveCfg = Release|Any CPU
		{B43BABA3-C674-4E48-8B1E-D6B70C722AEB}.Release|Any CPU.Build.0 = Release|Any CPU
		{B43BABA3-C674-4E48-8B1E-D6B70C722AEB}.Release|ARM.ActiveCfg = Release|Any CPU
		{B43BABA3-C674-4E48-8B1E-D6B70C722AEB}.Release|ARM.Build.0 = Release|Any CPU
		{B43BABA3-C674-4E48-8B1E-D6B70C722AEB}.Release|ARM64.ActiveCfg = Release|Any CPU
		{B43BABA3-C674-4E48-8B1E-D6B70C722AEB}.Release|ARM64.Build.0 = Release|Any CPU
		{B43BABA3-C674-4E48-8B1E-D6B70C722AEB}.Release|x64.ActiveCfg = Release|Any CPU
		{B43BABA3-C674-4E48-8B1E-D6B70C722AEB}.Release|x64.Build.0 = Release|Any CPU
		{B43BABA3-C674-4E48-8B1E-D6B70C722AEB}.Release|x86.ActiveCfg = Release|Any CPU
		{B43BABA3-C674-4E48-8B1E-D6B70C722AEB}.Release|x86.Build.0 = Release|Any CPU
	EndGlobalSection
	GlobalSection(SolutionProperties) = preSolution
		HideSolutionNode = FALSE
	EndGlobalSection
	GlobalSection(ExtensibilityGlobals) = postSolution
		SolutionGuid = {B043397C-ED84-4F80-AAC7-B2A106808235}
	EndGlobalSection
EndGlobal
