
Microsoft Visual Studio Solution File, Format Version 12.00
# Visual Studio Version 17
VisualStudioVersion = 17.6.33829.357
MinimumVisualStudioVersion = 10.0.40219.1
Project("{9A19103F-16F7-4668-BE54-9A1E7A4F7556}") = "KeyVault", "KeyVault\KeyVault.csproj", "{D9BB1602-A949-4D5F-8CEE-7DF07573902D}"
EndProject
Project("{FAE04EC0-301F-11D3-BF4B-00C04F79EFBC}") = "WebSite", "WebSite\WebSite.csproj", "{D56884D3-4AA6-4603-B680-E88BF532C33E}"
EndProject
Global
	GlobalSection(SolutionConfigurationPlatforms) = preSolution
		Debug|Any CPU = Debug|Any CPU
		Release|Any CPU = Release|Any CPU
	EndGlobalSection
	GlobalSection(ProjectConfigurationPlatforms) = postSolution
		{D9BB1602-A949-4D5F-8CEE-7DF07573902D}.Debug|Any CPU.ActiveCfg = Debug|Any CPU
		{D9BB1602-A949-4D5F-8CEE-7DF07573902D}.Debug|Any CPU.Build.0 = Debug|Any CPU
		{D9BB1602-A949-4D5F-8CEE-7DF07573902D}.Release|Any CPU.ActiveCfg = Release|Any CPU
		{D9BB1602-A949-4D5F-8CEE-7DF07573902D}.Release|Any CPU.Build.0 = Release|Any CPU
		{D56884D3-4AA6-4603-B680-E88BF532C33E}.Debug|Any CPU.ActiveCfg = Debug|Any CPU
		{D56884D3-4AA6-4603-B680-E88BF532C33E}.Debug|Any CPU.Build.0 = Debug|Any CPU
		{D56884D3-4AA6-4603-B680-E88BF532C33E}.Release|Any CPU.ActiveCfg = Release|Any CPU
		{D56884D3-4AA6-4603-B680-E88BF532C33E}.Release|Any CPU.Build.0 = Release|Any CPU
	EndGlobalSection
	GlobalSection(SolutionProperties) = preSolution
		HideSolutionNode = FALSE
	EndGlobalSection
	GlobalSection(ExtensibilityGlobals) = postSolution
		SolutionGuid = {1A22C629-E328-461A-9CD8-DDAE70428872}
	EndGlobalSection
EndGlobal
